
Microsoft Visual Studio Solution File, Format Version 12.00
Project("{FAE04EC0-301F-11D3-BF4B-00C04F79EFBC}") = "soru2", "soru2\soru2.csproj", "{03762B33-BAFF-4C49-BC81-1024C5AE8EBC}"
EndProject
Global
	GlobalSection(SolutionConfigurationPlatforms) = preSolution
		Debug|Any CPU = Debug|Any CPU
		Release|Any CPU = Release|Any CPU
	EndGlobalSection
	GlobalSection(ProjectConfigurationPlatforms) = postSolution
		{03762B33-BAFF-4C49-BC81-1024C5AE8EBC}.Debug|Any CPU.ActiveCfg = Debug|Any CPU
		{03762B33-BAFF-4C49-BC81-1024C5AE8EBC}.Debug|Any CPU.Build.0 = Debug|Any CPU
		{03762B33-BAFF-4C49-BC81-1024C5AE8EBC}.Release|Any CPU.ActiveCfg = Release|Any CPU
		{03762B33-BAFF-4C49-BC81-1024C5AE8EBC}.Release|Any CPU.Build.0 = Release|Any CPU
	EndGlobalSection
EndGlobal
